
Microsoft Visual Studio Solution File, Format Version 12.00
# Visual Studio Version 16
VisualStudioVersion = 16.0.30611.23
MinimumVisualStudioVersion = 10.0.40219.1
Project("{8BC9CEB8-8B4A-11D0-8D11-00A0C91BC942}") = "2-bit_Histroy_Predictor", "2-bit_Histroy_Predictor\2-bit_Histroy_Predictor.vcxproj", "{1FE99D82-851B-4F9F-BA19-56DBF906A3DA}"
EndProject
Global
	GlobalSection(SolutionConfigurationPlatforms) = preSolution
		Debug|x64 = Debug|x64
		Debug|x86 = Debug|x86
		Release|x64 = Release|x64
		Release|x86 = Release|x86
	EndGlobalSection
	GlobalSection(ProjectConfigurationPlatforms) = postSolution
		{1FE99D82-851B-4F9F-BA19-56DBF906A3DA}.Debug|x64.ActiveCfg = Debug|x64
		{1FE99D82-851B-4F9F-BA19-56DBF906A3DA}.Debug|x64.Build.0 = Debug|x64
		{1FE99D82-851B-4F9F-BA19-56DBF906A3DA}.Debug|x86.ActiveCfg = Debug|Win32
		{1FE99D82-851B-4F9F-BA19-56DBF906A3DA}.Debug|x86.Build.0 = Debug|Win32
		{1FE99D82-851B-4F9F-BA19-56DBF906A3DA}.Release|x64.ActiveCfg = Release|x64
		{1FE99D82-851B-4F9F-BA19-56DBF906A3DA}.Release|x64.Build.0 = Release|x64
		{1FE99D82-851B-4F9F-BA19-56DBF906A3DA}.Release|x86.ActiveCfg = Release|Win32
		{1FE99D82-851B-4F9F-BA19-56DBF906A3DA}.Release|x86.Build.0 = Release|Win32
	EndGlobalSection
	GlobalSection(SolutionProperties) = preSolution
		HideSolutionNode = FALSE
	EndGlobalSection
	GlobalSection(ExtensibilityGlobals) = postSolution
		SolutionGuid = {7BF988BD-7EF4-4D66-B62C-73E94A2B7B3D}
	EndGlobalSection
EndGlobal
